// !$*UTF8*$!
{
	archiveVersion = 1;
	classes = {
	};
	objectVersion = 56;
	objects = {

/* Begin PBXBuildFile section */
		0B664DBE0D64E3AC1C28BFA3 /* Pods_SomePrivateProject1.framework in Frameworks */ = {isa = PBXBuildFile; fileRef = C996767CCB6CD45CDB7E72F1 /* Pods_SomePrivateProject1.framework */; };
		C803EA602B5FAA1600290003 /* AppDelegate.swift in Sources */ = {isa = PBXBuildFile; fileRef = C803EA5F2B5FAA1600290003 /* AppDelegate.swift */; };
		C803EA692B5FAA1A00290003 /* Assets.xcassets in Resources */ = {isa = PBXBuildFile; fileRef = C803EA682B5FAA1A00290003 /* Assets.xcassets */; };
		C803EA6C2B5FAA1A00290003 /* LaunchScreen.storyboard in Resources */ = {isa = PBXBuildFile; fileRef = C803EA6A2B5FAA1A00290003 /* LaunchScreen.storyboard */; };
		C803EA7F2B5FADF000290003 /* AppCoordinatorFactory.swift in Sources */ = {isa = PBXBuildFile; fileRef = C803EA7E2B5FADF000290003 /* AppCoordinatorFactory.swift */; };
		C803EA832B5FAE8E00290003 /* TabBarRouter.swift in Sources */ = {isa = PBXBuildFile; fileRef = C803EA822B5FAE8E00290003 /* TabBarRouter.swift */; };
		C803EA852B5FAEAB00290003 /* TabBarRouterProtocol.swift in Sources */ = {isa = PBXBuildFile; fileRef = C803EA842B5FAEAB00290003 /* TabBarRouterProtocol.swift */; };
		C803EA882B5FAECE00290003 /* Presentable.swift in Sources */ = {isa = PBXBuildFile; fileRef = C803EA872B5FAECE00290003 /* Presentable.swift */; };
		C803EA8B2B5FAF8100290003 /* TabBarCoordinator.swift in Sources */ = {isa = PBXBuildFile; fileRef = C803EA8A2B5FAF8100290003 /* TabBarCoordinator.swift */; };
		C803EA8D2B5FAFA800290003 /* BaseCoordinator.swift in Sources */ = {isa = PBXBuildFile; fileRef = C803EA8C2B5FAFA800290003 /* BaseCoordinator.swift */; };
		C803EA8F2B5FAFC400290003 /* Coordinator.swift in Sources */ = {isa = PBXBuildFile; fileRef = C803EA8E2B5FAFC400290003 /* Coordinator.swift */; };
		C803EA912B5FB00D00290003 /* DeepLinkOption.swift in Sources */ = {isa = PBXBuildFile; fileRef = C803EA902B5FB00D00290003 /* DeepLinkOption.swift */; };
		C803EA932B5FB16000290003 /* AppCoordinator.swift in Sources */ = {isa = PBXBuildFile; fileRef = C803EA922B5FB16000290003 /* AppCoordinator.swift */; };
		C803EBF62B6D831500290003 /* TabBarItem.swift in Sources */ = {isa = PBXBuildFile; fileRef = C803EBF52B6D831500290003 /* TabBarItem.swift */; };
		C803EBF92B6D858100290003 /* TabBarCoordinatorsFactory.swift in Sources */ = {isa = PBXBuildFile; fileRef = C803EBF82B6D858000290003 /* TabBarCoordinatorsFactory.swift */; };
		C803EBFB2B6D85B500290003 /* Router.swift in Sources */ = {isa = PBXBuildFile; fileRef = C803EBFA2B6D85B500290003 /* Router.swift */; };
		C803EBFD2B6D85D800290003 /* RouterProtocol.swift in Sources */ = {isa = PBXBuildFile; fileRef = C803EBFC2B6D85D800290003 /* RouterProtocol.swift */; };
		C803EC002B6D86B500290003 /* ReviewCoordinator.swift in Sources */ = {isa = PBXBuildFile; fileRef = C803EBFF2B6D86B500290003 /* ReviewCoordinator.swift */; };
		C803EC042B6D870A00290003 /* ReviewCoordinatorsFactory.swift in Sources */ = {isa = PBXBuildFile; fileRef = C803EC032B6D870A00290003 /* ReviewCoordinatorsFactory.swift */; };
		C803EC092B6D882900290003 /* CategoriesListViewController.swift in Sources */ = {isa = PBXBuildFile; fileRef = C803EC082B6D882900290003 /* CategoriesListViewController.swift */; };
		C803EC0B2B6D883000290003 /* CategoryListViewModel.swift in Sources */ = {isa = PBXBuildFile; fileRef = C803EC0A2B6D883000290003 /* CategoryListViewModel.swift */; };
		C803EC0F2B6D895500290003 /* BaseViewController.swift in Sources */ = {isa = PBXBuildFile; fileRef = C803EC0E2B6D895500290003 /* BaseViewController.swift */; };
		C803EC132B6D8CA500290003 /* UIViewController+Presentable.swift in Sources */ = {isa = PBXBuildFile; fileRef = C803EC122B6D8CA500290003 /* UIViewController+Presentable.swift */; };
		C803EC172B7120B900290003 /* BaseTextField.swift in Sources */ = {isa = PBXBuildFile; fileRef = C803EC162B7120B900290003 /* BaseTextField.swift */; };
		C803EC1A2B71216A00290003 /* BaseTextFieldView.swift in Sources */ = {isa = PBXBuildFile; fileRef = C803EC192B71216A00290003 /* BaseTextFieldView.swift */; };
		C803EC1C2B7134EB00290003 /* BaseTextFieldActionView.swift in Sources */ = {isa = PBXBuildFile; fileRef = C803EC1B2B7134EB00290003 /* BaseTextFieldActionView.swift */; };
		C803EC1E2B713BBF00290003 /* UIViewController+Keyboard.swift in Sources */ = {isa = PBXBuildFile; fileRef = C803EC1D2B713BBF00290003 /* UIViewController+Keyboard.swift */; };
		C803EC202B72CC5B00290003 /* CategoriesListCategoryCollectionViewCell.swift in Sources */ = {isa = PBXBuildFile; fileRef = C803EC1F2B72CC5B00290003 /* CategoriesListCategoryCollectionViewCell.swift */; };
		C803EC232B72CF0700290003 /* NetworkService.swift in Sources */ = {isa = PBXBuildFile; fileRef = C803EC222B72CF0700290003 /* NetworkService.swift */; };
		C803EC272B72D1E200290003 /* FoodCategoryModel.swift in Sources */ = {isa = PBXBuildFile; fileRef = C803EC262B72D1E200290003 /* FoodCategoryModel.swift */; };
		C803EC2B2B72E8A000290003 /* CategoriesListEmptyCollectionReusableView.swift in Sources */ = {isa = PBXBuildFile; fileRef = C803EC2A2B72E8A000290003 /* CategoriesListEmptyCollectionReusableView.swift */; };
		C803EC2D2B72ECDD00290003 /* CategoriesListTitleCollectionReusableView.swift in Sources */ = {isa = PBXBuildFile; fileRef = C803EC2C2B72ECDD00290003 /* CategoriesListTitleCollectionReusableView.swift */; };
		C803EC302B77FD3100290003 /* BucketCoordinator.swift in Sources */ = {isa = PBXBuildFile; fileRef = C803EC2F2B77FD3100290003 /* BucketCoordinator.swift */; };
		C803EC342B77FD5200290003 /* BucketCoordinatorsFactory.swift in Sources */ = {isa = PBXBuildFile; fileRef = C803EC332B77FD5200290003 /* BucketCoordinatorsFactory.swift */; };
		C803EC382B77FDB200290003 /* BucketListViewController.swift in Sources */ = {isa = PBXBuildFile; fileRef = C803EC372B77FDB200290003 /* BucketListViewController.swift */; };
		C803EC3A2B77FDB900290003 /* BucketListViewModel.swift in Sources */ = {isa = PBXBuildFile; fileRef = C803EC392B77FDB900290003 /* BucketListViewModel.swift */; };
		C803EC3C2B77FF6800290003 /* BucketListShowOrderButtonView.swift in Sources */ = {isa = PBXBuildFile; fileRef = C803EC3B2B77FF6800290003 /* BucketListShowOrderButtonView.swift */; };
		C803EC3E2B7806AF00290003 /* BucketListEmptyHeaderView.swift in Sources */ = {isa = PBXBuildFile; fileRef = C803EC3D2B7806AF00290003 /* BucketListEmptyHeaderView.swift */; };
		C803EC402B7AC05B00290003 /* BucketModel.swift in Sources */ = {isa = PBXBuildFile; fileRef = C803EC3F2B7AC05B00290003 /* BucketModel.swift */; };
		C803EC422B7AC2B300290003 /* BucketListTableViewCell.swift in Sources */ = {isa = PBXBuildFile; fileRef = C803EC412B7AC2B300290003 /* BucketListTableViewCell.swift */; };
		C803EC452B7AD8CA00290003 /* UIView+Touch.swift in Sources */ = {isa = PBXBuildFile; fileRef = C803EC442B7AD8CA00290003 /* UIView+Touch.swift */; };
		C8D381932B7B9C160045376D /* OrdersListViewController.swift in Sources */ = {isa = PBXBuildFile; fileRef = C8D381922B7B9C160045376D /* OrdersListViewController.swift */; };
		C8D381952B7B9C1E0045376D /* OrdersListViewModel.swift in Sources */ = {isa = PBXBuildFile; fileRef = C8D381942B7B9C1E0045376D /* OrdersListViewModel.swift */; };
		C8D381BA2B88D2E80045376D /* AccountSettingsCoordinator.swift in Sources */ = {isa = PBXBuildFile; fileRef = C8D381B92B88D2E80045376D /* AccountSettingsCoordinator.swift */; };
		C8D381BE2B88D3260045376D /* AccountSettingsCoordinatorFactory.swift in Sources */ = {isa = PBXBuildFile; fileRef = C8D381BD2B88D3260045376D /* AccountSettingsCoordinatorFactory.swift */; };
		C8D381C32B88D4C90045376D /* AccountSettingsViewController.swift in Sources */ = {isa = PBXBuildFile; fileRef = C8D381C22B88D4C90045376D /* AccountSettingsViewController.swift */; };
		C8D381C52B88D4D00045376D /* AccountSettingsViewModel.swift in Sources */ = {isa = PBXBuildFile; fileRef = C8D381C42B88D4D00045376D /* AccountSettingsViewModel.swift */; };
		C8D381C72B88D5290045376D /* AccountSettingsTitleView.swift in Sources */ = {isa = PBXBuildFile; fileRef = C8D381C62B88D5290045376D /* AccountSettingsTitleView.swift */; };
		C8D381CC2B88E30E0045376D /* BaseNavigationController.swift in Sources */ = {isa = PBXBuildFile; fileRef = C8D381CB2B88E30E0045376D /* BaseNavigationController.swift */; };
/* End PBXBuildFile section */

/* Begin PBXFileReference section */
		59EBCF8D0239EBA63D7161FE /* Pods-SomePrivateProject1.release.xcconfig */ = {isa = PBXFileReference; includeInIndex = 1; lastKnownFileType = text.xcconfig; name = "Pods-SomePrivateProject1.release.xcconfig"; path = "Target Support Files/Pods-SomePrivateProject1/Pods-SomePrivateProject1.release.xcconfig"; sourceTree = "<group>"; };
		656562186F9D68E58EA3257E /* Pods-SomePrivateProject1.debug.xcconfig */ = {isa = PBXFileReference; includeInIndex = 1; lastKnownFileType = text.xcconfig; name = "Pods-SomePrivateProject1.debug.xcconfig"; path = "Target Support Files/Pods-SomePrivateProject1/Pods-SomePrivateProject1.debug.xcconfig"; sourceTree = "<group>"; };
		C803EA5C2B5FAA1600290003 /* SomePrivateProject1.app */ = {isa = PBXFileReference; explicitFileType = wrapper.application; includeInIndex = 0; path = SomePrivateProject1.app; sourceTree = BUILT_PRODUCTS_DIR; };
		C803EA5F2B5FAA1600290003 /* AppDelegate.swift */ = {isa = PBXFileReference; lastKnownFileType = sourcecode.swift; path = AppDelegate.swift; sourceTree = "<group>"; };
		C803EA682B5FAA1A00290003 /* Assets.xcassets */ = {isa = PBXFileReference; lastKnownFileType = folder.assetcatalog; path = Assets.xcassets; sourceTree = "<group>"; };
		C803EA6B2B5FAA1A00290003 /* Base */ = {isa = PBXFileReference; lastKnownFileType = file.storyboard; name = Base; path = Base.lproj/LaunchScreen.storyboard; sourceTree = "<group>"; };
		C803EA6D2B5FAA1A00290003 /* Info.plist */ = {isa = PBXFileReference; lastKnownFileType = text.plist.xml; path = Info.plist; sourceTree = "<group>"; };
		C803EA7E2B5FADF000290003 /* AppCoordinatorFactory.swift */ = {isa = PBXFileReference; lastKnownFileType = sourcecode.swift; path = AppCoordinatorFactory.swift; sourceTree = "<group>"; };
		C803EA822B5FAE8E00290003 /* TabBarRouter.swift */ = {isa = PBXFileReference; lastKnownFileType = sourcecode.swift; path = TabBarRouter.swift; sourceTree = "<group>"; };
		C803EA842B5FAEAB00290003 /* TabBarRouterProtocol.swift */ = {isa = PBXFileReference; lastKnownFileType = sourcecode.swift; path = TabBarRouterProtocol.swift; sourceTree = "<group>"; };
		C803EA872B5FAECE00290003 /* Presentable.swift */ = {isa = PBXFileReference; lastKnownFileType = sourcecode.swift; path = Presentable.swift; sourceTree = "<group>"; };
		C803EA8A2B5FAF8100290003 /* TabBarCoordinator.swift */ = {isa = PBXFileReference; lastKnownFileType = sourcecode.swift; path = TabBarCoordinator.swift; sourceTree = "<group>"; };
		C803EA8C2B5FAFA800290003 /* BaseCoordinator.swift */ = {isa = PBXFileReference; lastKnownFileType = sourcecode.swift; path = BaseCoordinator.swift; sourceTree = "<group>"; };
		C803EA8E2B5FAFC400290003 /* Coordinator.swift */ = {isa = PBXFileReference; lastKnownFileType = sourcecode.swift; path = Coordinator.swift; sourceTree = "<group>"; };
		C803EA902B5FB00D00290003 /* DeepLinkOption.swift */ = {isa = PBXFileReference; lastKnownFileType = sourcecode.swift; path = DeepLinkOption.swift; sourceTree = "<group>"; };
		C803EA922B5FB16000290003 /* AppCoordinator.swift */ = {isa = PBXFileReference; lastKnownFileType = sourcecode.swift; path = AppCoordinator.swift; sourceTree = "<group>"; };
		C803EBF52B6D831500290003 /* TabBarItem.swift */ = {isa = PBXFileReference; lastKnownFileType = sourcecode.swift; path = TabBarItem.swift; sourceTree = "<group>"; };
		C803EBF82B6D858000290003 /* TabBarCoordinatorsFactory.swift */ = {isa = PBXFileReference; lastKnownFileType = sourcecode.swift; path = TabBarCoordinatorsFactory.swift; sourceTree = "<group>"; };
		C803EBFA2B6D85B500290003 /* Router.swift */ = {isa = PBXFileReference; lastKnownFileType = sourcecode.swift; path = Router.swift; sourceTree = "<group>"; };
		C803EBFC2B6D85D800290003 /* RouterProtocol.swift */ = {isa = PBXFileReference; lastKnownFileType = sourcecode.swift; path = RouterProtocol.swift; sourceTree = "<group>"; };
		C803EBFF2B6D86B500290003 /* ReviewCoordinator.swift */ = {isa = PBXFileReference; lastKnownFileType = sourcecode.swift; path = ReviewCoordinator.swift; sourceTree = "<group>"; };
		C803EC032B6D870A00290003 /* ReviewCoordinatorsFactory.swift */ = {isa = PBXFileReference; lastKnownFileType = sourcecode.swift; path = ReviewCoordinatorsFactory.swift; sourceTree = "<group>"; };
		C803EC082B6D882900290003 /* CategoriesListViewController.swift */ = {isa = PBXFileReference; lastKnownFileType = sourcecode.swift; path = CategoriesListViewController.swift; sourceTree = "<group>"; };
		C803EC0A2B6D883000290003 /* CategoryListViewModel.swift */ = {isa = PBXFileReference; lastKnownFileType = sourcecode.swift; path = CategoryListViewModel.swift; sourceTree = "<group>"; };
		C803EC0E2B6D895500290003 /* BaseViewController.swift */ = {isa = PBXFileReference; lastKnownFileType = sourcecode.swift; path = BaseViewController.swift; sourceTree = "<group>"; };
		C803EC122B6D8CA500290003 /* UIViewController+Presentable.swift */ = {isa = PBXFileReference; lastKnownFileType = sourcecode.swift; path = "UIViewController+Presentable.swift"; sourceTree = "<group>"; };
		C803EC162B7120B900290003 /* BaseTextField.swift */ = {isa = PBXFileReference; lastKnownFileType = sourcecode.swift; path = BaseTextField.swift; sourceTree = "<group>"; };
		C803EC192B71216A00290003 /* BaseTextFieldView.swift */ = {isa = PBXFileReference; lastKnownFileType = sourcecode.swift; path = BaseTextFieldView.swift; sourceTree = "<group>"; };
		C803EC1B2B7134EB00290003 /* BaseTextFieldActionView.swift */ = {isa = PBXFileReference; lastKnownFileType = sourcecode.swift; path = BaseTextFieldActionView.swift; sourceTree = "<group>"; };
		C803EC1D2B713BBF00290003 /* UIViewController+Keyboard.swift */ = {isa = PBXFileReference; lastKnownFileType = sourcecode.swift; path = "UIViewController+Keyboard.swift"; sourceTree = "<group>"; };
		C803EC1F2B72CC5B00290003 /* CategoriesListCategoryCollectionViewCell.swift */ = {isa = PBXFileReference; lastKnownFileType = sourcecode.swift; path = CategoriesListCategoryCollectionViewCell.swift; sourceTree = "<group>"; };
		C803EC222B72CF0700290003 /* NetworkService.swift */ = {isa = PBXFileReference; lastKnownFileType = sourcecode.swift; path = NetworkService.swift; sourceTree = "<group>"; };
		C803EC262B72D1E200290003 /* FoodCategoryModel.swift */ = {isa = PBXFileReference; lastKnownFileType = sourcecode.swift; path = FoodCategoryModel.swift; sourceTree = "<group>"; };
		C803EC2A2B72E8A000290003 /* CategoriesListEmptyCollectionReusableView.swift */ = {isa = PBXFileReference; lastKnownFileType = sourcecode.swift; path = CategoriesListEmptyCollectionReusableView.swift; sourceTree = "<group>"; };
		C803EC2C2B72ECDD00290003 /* CategoriesListTitleCollectionReusableView.swift */ = {isa = PBXFileReference; lastKnownFileType = sourcecode.swift; path = CategoriesListTitleCollectionReusableView.swift; sourceTree = "<group>"; };
		C803EC2F2B77FD3100290003 /* BucketCoordinator.swift */ = {isa = PBXFileReference; lastKnownFileType = sourcecode.swift; path = BucketCoordinator.swift; sourceTree = "<group>"; };
		C803EC332B77FD5200290003 /* BucketCoordinatorsFactory.swift */ = {isa = PBXFileReference; lastKnownFileType = sourcecode.swift; path = BucketCoordinatorsFactory.swift; sourceTree = "<group>"; };
		C803EC372B77FDB200290003 /* BucketListViewController.swift */ = {isa = PBXFileReference; lastKnownFileType = sourcecode.swift; path = BucketListViewController.swift; sourceTree = "<group>"; };
		C803EC392B77FDB900290003 /* BucketListViewModel.swift */ = {isa = PBXFileReference; lastKnownFileType = sourcecode.swift; path = BucketListViewModel.swift; sourceTree = "<group>"; };
		C803EC3B2B77FF6800290003 /* BucketListShowOrderButtonView.swift */ = {isa = PBXFileReference; lastKnownFileType = sourcecode.swift; path = BucketListShowOrderButtonView.swift; sourceTree = "<group>"; };
		C803EC3D2B7806AF00290003 /* BucketListEmptyHeaderView.swift */ = {isa = PBXFileReference; lastKnownFileType = sourcecode.swift; path = BucketListEmptyHeaderView.swift; sourceTree = "<group>"; };
		C803EC3F2B7AC05B00290003 /* BucketModel.swift */ = {isa = PBXFileReference; lastKnownFileType = sourcecode.swift; path = BucketModel.swift; sourceTree = "<group>"; };
		C803EC412B7AC2B300290003 /* BucketListTableViewCell.swift */ = {isa = PBXFileReference; lastKnownFileType = sourcecode.swift; path = BucketListTableViewCell.swift; sourceTree = "<group>"; };
		C803EC442B7AD8CA00290003 /* UIView+Touch.swift */ = {isa = PBXFileReference; lastKnownFileType = sourcecode.swift; path = "UIView+Touch.swift"; sourceTree = "<group>"; };
		C8D381922B7B9C160045376D /* OrdersListViewController.swift */ = {isa = PBXFileReference; lastKnownFileType = sourcecode.swift; path = OrdersListViewController.swift; sourceTree = "<group>"; };
		C8D381942B7B9C1E0045376D /* OrdersListViewModel.swift */ = {isa = PBXFileReference; lastKnownFileType = sourcecode.swift; path = OrdersListViewModel.swift; sourceTree = "<group>"; };
		C8D381B92B88D2E80045376D /* AccountSettingsCoordinator.swift */ = {isa = PBXFileReference; lastKnownFileType = sourcecode.swift; path = AccountSettingsCoordinator.swift; sourceTree = "<group>"; };
		C8D381BD2B88D3260045376D /* AccountSettingsCoordinatorFactory.swift */ = {isa = PBXFileReference; lastKnownFileType = sourcecode.swift; path = AccountSettingsCoordinatorFactory.swift; sourceTree = "<group>"; };
		C8D381C22B88D4C90045376D /* AccountSettingsViewController.swift */ = {isa = PBXFileReference; lastKnownFileType = sourcecode.swift; path = AccountSettingsViewController.swift; sourceTree = "<group>"; };
		C8D381C42B88D4D00045376D /* AccountSettingsViewModel.swift */ = {isa = PBXFileReference; lastKnownFileType = sourcecode.swift; path = AccountSettingsViewModel.swift; sourceTree = "<group>"; };
		C8D381C62B88D5290045376D /* AccountSettingsTitleView.swift */ = {isa = PBXFileReference; lastKnownFileType = sourcecode.swift; path = AccountSettingsTitleView.swift; sourceTree = "<group>"; };
		C8D381CB2B88E30E0045376D /* BaseNavigationController.swift */ = {isa = PBXFileReference; lastKnownFileType = sourcecode.swift; path = BaseNavigationController.swift; sourceTree = "<group>"; };
		C996767CCB6CD45CDB7E72F1 /* Pods_SomePrivateProject1.framework */ = {isa = PBXFileReference; explicitFileType = wrapper.framework; includeInIndex = 0; path = Pods_SomePrivateProject1.framework; sourceTree = BUILT_PRODUCTS_DIR; };
/* End PBXFileReference section */

/* Begin PBXFrameworksBuildPhase section */
		C803EA592B5FAA1600290003 /* Frameworks */ = {
			isa = PBXFrameworksBuildPhase;
			buildActionMask = 2147483647;
			files = (
				0B664DBE0D64E3AC1C28BFA3 /* Pods_SomePrivateProject1.framework in Frameworks */,
			);
			runOnlyForDeploymentPostprocessing = 0;
		};
/* End PBXFrameworksBuildPhase section */

/* Begin PBXGroup section */
		4A8D030306BD1D619AAE96B3 /* Pods */ = {
			isa = PBXGroup;
			children = (
				656562186F9D68E58EA3257E /* Pods-SomePrivateProject1.debug.xcconfig */,
				59EBCF8D0239EBA63D7161FE /* Pods-SomePrivateProject1.release.xcconfig */,
			);
			path = Pods;
			sourceTree = "<group>";
		};
		66BEDFD9F81F0E7FA9935B75 /* Frameworks */ = {
			isa = PBXGroup;
			children = (
				C996767CCB6CD45CDB7E72F1 /* Pods_SomePrivateProject1.framework */,
			);
			name = Frameworks;
			sourceTree = "<group>";
		};
		C803EA532B5FAA1600290003 = {
			isa = PBXGroup;
			children = (
				C803EA5E2B5FAA1600290003 /* SomePrivateProject1 */,
				C803EA5D2B5FAA1600290003 /* Products */,
				4A8D030306BD1D619AAE96B3 /* Pods */,
				66BEDFD9F81F0E7FA9935B75 /* Frameworks */,
			);
			sourceTree = "<group>";
		};
		C803EA5D2B5FAA1600290003 /* Products */ = {
			isa = PBXGroup;
			children = (
				C803EA5C2B5FAA1600290003 /* SomePrivateProject1.app */,
			);
			name = Products;
			sourceTree = "<group>";
		};
		C803EA5E2B5FAA1600290003 /* SomePrivateProject1 */ = {
			isa = PBXGroup;
			children = (
				C803EA732B5FACB500290003 /* Application */,
				C803EA742B5FACBC00290003 /* Services */,
				C803EA752B5FACC400290003 /* Resources */,
				C803EA782B5FAD1600290003 /* SupportingFiles */,
				C803EA792B5FAD6F00290003 /* Helpers */,
			);
			path = SomePrivateProject1;
			sourceTree = "<group>";
		};
		C803EA732B5FACB500290003 /* Application */ = {
			isa = PBXGroup;
			children = (
				C803EA5F2B5FAA1600290003 /* AppDelegate.swift */,
				C803EA7B2B5FADCD00290003 /* ApplicationCoordinator */,
				C803EA892B5FAF7900290003 /* TabBarCoordinator */,
			);
			path = Application;
			sourceTree = "<group>";
		};
		C803EA742B5FACBC00290003 /* Services */ = {
			isa = PBXGroup;
			children = (
				C803EC212B72CEF900290003 /* NetworkServices */,
			);
			path = Services;
			sourceTree = "<group>";
		};
		C803EA752B5FACC400290003 /* Resources */ = {
			isa = PBXGroup;
			children = (
				C803EA772B5FACFD00290003 /* Images */,
				C803EA762B5FACF500290003 /* Colors */,
			);
			path = Resources;
			sourceTree = "<group>";
		};
		C803EA762B5FACF500290003 /* Colors */ = {
			isa = PBXGroup;
			children = (
			);
			path = Colors;
			sourceTree = "<group>";
		};
		C803EA772B5FACFD00290003 /* Images */ = {
			isa = PBXGroup;
			children = (
				C803EA682B5FAA1A00290003 /* Assets.xcassets */,
			);
			path = Images;
			sourceTree = "<group>";
		};
		C803EA782B5FAD1600290003 /* SupportingFiles */ = {
			isa = PBXGroup;
			children = (
				C803EA6A2B5FAA1A00290003 /* LaunchScreen.storyboard */,
				C803EA6D2B5FAA1A00290003 /* Info.plist */,
			);
			path = SupportingFiles;
			sourceTree = "<group>";
		};
		C803EA792B5FAD6F00290003 /* Helpers */ = {
			isa = PBXGroup;
			children = (
				C803EC0C2B6D893D00290003 /* UIComponents */,
				C803EA7A2B5FAD7700290003 /* Extensions */,
				C803EA802B5FAE7400290003 /* CoordinatorBase */,
			);
			path = Helpers;
			sourceTree = "<group>";
		};
		C803EA7A2B5FAD7700290003 /* Extensions */ = {
			isa = PBXGroup;
			children = (
				C803EC102B6D8C9200290003 /* UIKit */,
			);
			path = Extensions;
			sourceTree = "<group>";
		};
		C803EA7B2B5FADCD00290003 /* ApplicationCoordinator */ = {
			isa = PBXGroup;
			children = (
				C803EA922B5FB16000290003 /* AppCoordinator.swift */,
				C803EA7C2B5FADDA00290003 /* Factories */,
			);
			path = ApplicationCoordinator;
			sourceTree = "<group>";
		};
		C803EA7C2B5FADDA00290003 /* Factories */ = {
			isa = PBXGroup;
			children = (
				C803EA7E2B5FADF000290003 /* AppCoordinatorFactory.swift */,
			);
			path = Factories;
			sourceTree = "<group>";
		};
		C803EA802B5FAE7400290003 /* CoordinatorBase */ = {
			isa = PBXGroup;
			children = (
				C803EA862B5FAEBF00290003 /* Protocols */,
				C803EA812B5FAE8200290003 /* Routers */,
				C803EA8C2B5FAFA800290003 /* BaseCoordinator.swift */,
				C803EA902B5FB00D00290003 /* DeepLinkOption.swift */,
			);
			path = CoordinatorBase;
			sourceTree = "<group>";
		};
		C803EA812B5FAE8200290003 /* Routers */ = {
			isa = PBXGroup;
			children = (
				C803EA822B5FAE8E00290003 /* TabBarRouter.swift */,
				C803EBFA2B6D85B500290003 /* Router.swift */,
			);
			path = Routers;
			sourceTree = "<group>";
		};
		C803EA862B5FAEBF00290003 /* Protocols */ = {
			isa = PBXGroup;
			children = (
				C803EA8E2B5FAFC400290003 /* Coordinator.swift */,
				C803EA842B5FAEAB00290003 /* TabBarRouterProtocol.swift */,
				C803EA872B5FAECE00290003 /* Presentable.swift */,
				C803EBFC2B6D85D800290003 /* RouterProtocol.swift */,
			);
			path = Protocols;
			sourceTree = "<group>";
		};
		C803EA892B5FAF7900290003 /* TabBarCoordinator */ = {
			isa = PBXGroup;
			children = (
				C803EA8A2B5FAF8100290003 /* TabBarCoordinator.swift */,
				C803EBF72B6D857400290003 /* Factories */,
				C803EBF42B6D830500290003 /* Models */,
				C803EC462B7B872C00290003 /* Coordinators */,
			);
			path = TabBarCoordinator;
			sourceTree = "<group>";
		};
		C803EBF42B6D830500290003 /* Models */ = {
			isa = PBXGroup;
			children = (
				C803EBF52B6D831500290003 /* TabBarItem.swift */,
			);
			path = Models;
			sourceTree = "<group>";
		};
		C803EBF72B6D857400290003 /* Factories */ = {
			isa = PBXGroup;
			children = (
				C803EBF82B6D858000290003 /* TabBarCoordinatorsFactory.swift */,
			);
			path = Factories;
			sourceTree = "<group>";
		};
		C803EBFE2B6D869E00290003 /* ReviewCoordinator */ = {
			isa = PBXGroup;
			children = (
				C803EBFF2B6D86B500290003 /* ReviewCoordinator.swift */,
				C803EC012B6D86B900290003 /* Factories */,
				C803EC022B6D86C200290003 /* Controllers */,
			);
			path = ReviewCoordinator;
			sourceTree = "<group>";
		};
		C803EC012B6D86B900290003 /* Factories */ = {
			isa = PBXGroup;
			children = (
				C803EC032B6D870A00290003 /* ReviewCoordinatorsFactory.swift */,
			);
			path = Factories;
			sourceTree = "<group>";
		};
		C803EC022B6D86C200290003 /* Controllers */ = {
			isa = PBXGroup;
			children = (
				C803EC062B6D87A700290003 /* CategoriesListViewController */,
			);
			path = Controllers;
			sourceTree = "<group>";
		};
		C803EC062B6D87A700290003 /* CategoriesListViewController */ = {
			isa = PBXGroup;
			children = (
				C803EC072B6D881D00290003 /* Views */,
				C803EC0A2B6D883000290003 /* CategoryListViewModel.swift */,
				C803EC082B6D882900290003 /* CategoriesListViewController.swift */,
			);
			path = CategoriesListViewController;
			sourceTree = "<group>";
		};
		C803EC072B6D881D00290003 /* Views */ = {
			isa = PBXGroup;
			children = (
				C803EC1F2B72CC5B00290003 /* CategoriesListCategoryCollectionViewCell.swift */,
				C803EC2A2B72E8A000290003 /* CategoriesListEmptyCollectionReusableView.swift */,
				C803EC2C2B72ECDD00290003 /* CategoriesListTitleCollectionReusableView.swift */,
			);
			path = Views;
			sourceTree = "<group>";
		};
		C803EC0C2B6D893D00290003 /* UIComponents */ = {
			isa = PBXGroup;
			children = (
				C803EC142B71209400290003 /* BaseComponents */,
			);
			path = UIComponents;
			sourceTree = "<group>";
		};
		C803EC0D2B6D894800290003 /* BaseViewController */ = {
			isa = PBXGroup;
			children = (
				C803EC0E2B6D895500290003 /* BaseViewController.swift */,
			);
			path = BaseViewController;
			sourceTree = "<group>";
		};
		C803EC102B6D8C9200290003 /* UIKit */ = {
			isa = PBXGroup;
			children = (
				C803EC432B7AD8B900290003 /* UIView */,
				C803EC112B6D8C9A00290003 /* UIViewController */,
			);
			path = UIKit;
			sourceTree = "<group>";
		};
		C803EC112B6D8C9A00290003 /* UIViewController */ = {
			isa = PBXGroup;
			children = (
				C803EC122B6D8CA500290003 /* UIViewController+Presentable.swift */,
				C803EC1D2B713BBF00290003 /* UIViewController+Keyboard.swift */,
			);
			path = UIViewController;
			sourceTree = "<group>";
		};
		C803EC142B71209400290003 /* BaseComponents */ = {
			isa = PBXGroup;
			children = (
				C803EC182B71216100290003 /* BaseTextFieldView */,
				C803EC152B7120AB00290003 /* BaseTextField */,
				C803EC0D2B6D894800290003 /* BaseViewController */,
				C8D381CA2B88E2FF0045376D /* BaseNavigationController */,
			);
			path = BaseComponents;
			sourceTree = "<group>";
		};
		C803EC152B7120AB00290003 /* BaseTextField */ = {
			isa = PBXGroup;
			children = (
				C803EC162B7120B900290003 /* BaseTextField.swift */,
			);
			path = BaseTextField;
			sourceTree = "<group>";
		};
		C803EC182B71216100290003 /* BaseTextFieldView */ = {
			isa = PBXGroup;
			children = (
				C803EC192B71216A00290003 /* BaseTextFieldView.swift */,
				C803EC1B2B7134EB00290003 /* BaseTextFieldActionView.swift */,
			);
			path = BaseTextFieldView;
			sourceTree = "<group>";
		};
		C803EC212B72CEF900290003 /* NetworkServices */ = {
			isa = PBXGroup;
			children = (
				C803EC242B72D1C200290003 /* Models */,
				C803EC222B72CF0700290003 /* NetworkService.swift */,
			);
			path = NetworkServices;
			sourceTree = "<group>";
		};
		C803EC242B72D1C200290003 /* Models */ = {
			isa = PBXGroup;
			children = (
				C803EC252B72D1CD00290003 /* DecodableModels */,
			);
			path = Models;
			sourceTree = "<group>";
		};
		C803EC252B72D1CD00290003 /* DecodableModels */ = {
			isa = PBXGroup;
			children = (
				C803EC262B72D1E200290003 /* FoodCategoryModel.swift */,
				C803EC3F2B7AC05B00290003 /* BucketModel.swift */,
			);
			path = DecodableModels;
			sourceTree = "<group>";
		};
		C803EC2E2B77FD1A00290003 /* BucketCoordinator */ = {
			isa = PBXGroup;
			children = (
				C803EC2F2B77FD3100290003 /* BucketCoordinator.swift */,
				C803EC312B77FD3400290003 /* Factories */,
				C803EC322B77FD3B00290003 /* Controllers */,
			);
			path = BucketCoordinator;
			sourceTree = "<group>";
		};
		C803EC312B77FD3400290003 /* Factories */ = {
			isa = PBXGroup;
			children = (
				C803EC332B77FD5200290003 /* BucketCoordinatorsFactory.swift */,
			);
			path = Factories;
			sourceTree = "<group>";
		};
		C803EC322B77FD3B00290003 /* Controllers */ = {
			isa = PBXGroup;
			children = (
				C8D381902B7B9C020045376D /* OrdersListViewController */,
				C803EC352B77FDA000290003 /* BucketListViewController */,
			);
			path = Controllers;
			sourceTree = "<group>";
		};
		C803EC352B77FDA000290003 /* BucketListViewController */ = {
			isa = PBXGroup;
			children = (
				C803EC362B77FDAC00290003 /* Views */,
				C803EC392B77FDB900290003 /* BucketListViewModel.swift */,
				C803EC372B77FDB200290003 /* BucketListViewController.swift */,
			);
			path = BucketListViewController;
			sourceTree = "<group>";
		};
		C803EC362B77FDAC00290003 /* Views */ = {
			isa = PBXGroup;
			children = (
				C803EC3B2B77FF6800290003 /* BucketListShowOrderButtonView.swift */,
				C803EC3D2B7806AF00290003 /* BucketListEmptyHeaderView.swift */,
				C803EC412B7AC2B300290003 /* BucketListTableViewCell.swift */,
			);
			path = Views;
			sourceTree = "<group>";
		};
		C803EC432B7AD8B900290003 /* UIView */ = {
			isa = PBXGroup;
			children = (
				C803EC442B7AD8CA00290003 /* UIView+Touch.swift */,
			);
			path = UIView;
			sourceTree = "<group>";
		};
		C803EC462B7B872C00290003 /* Coordinators */ = {
			isa = PBXGroup;
			children = (
				C803EBFE2B6D869E00290003 /* ReviewCoordinator */,
				C803EC2E2B77FD1A00290003 /* BucketCoordinator */,
				C8D381B82B88D2BF0045376D /* AccountSettingsCoordinator */,
			);
			path = Coordinators;
			sourceTree = "<group>";
		};
		C8D381902B7B9C020045376D /* OrdersListViewController */ = {
			isa = PBXGroup;
			children = (
				C8D381912B7B9C0E0045376D /* Views */,
				C8D381942B7B9C1E0045376D /* OrdersListViewModel.swift */,
				C8D381922B7B9C160045376D /* OrdersListViewController.swift */,
			);
			path = OrdersListViewController;
			sourceTree = "<group>";
		};
		C8D381912B7B9C0E0045376D /* Views */ = {
			isa = PBXGroup;
			children = (
			);
			path = Views;
			sourceTree = "<group>";
		};
		C8D381B82B88D2BF0045376D /* AccountSettingsCoordinator */ = {
			isa = PBXGroup;
			children = (
				C8D381B92B88D2E80045376D /* AccountSettingsCoordinator.swift */,
				C8D381BB2B88D30B0045376D /* Factories */,
				C8D381BF2B88D4AA0045376D /* Controllers */,
			);
			path = AccountSettingsCoordinator;
			sourceTree = "<group>";
		};
		C8D381BB2B88D30B0045376D /* Factories */ = {
			isa = PBXGroup;
			children = (
				C8D381BD2B88D3260045376D /* AccountSettingsCoordinatorFactory.swift */,
			);
			path = Factories;
			sourceTree = "<group>";
		};
		C8D381BF2B88D4AA0045376D /* Controllers */ = {
			isa = PBXGroup;
			children = (
				C8D381C02B88D4B20045376D /* AccountSettingsViewController */,
			);
			path = Controllers;
			sourceTree = "<group>";
		};
		C8D381C02B88D4B20045376D /* AccountSettingsViewController */ = {
			isa = PBXGroup;
			children = (
				C8D381C12B88D4C20045376D /* Views */,
				C8D381C42B88D4D00045376D /* AccountSettingsViewModel.swift */,
				C8D381C22B88D4C90045376D /* AccountSettingsViewController.swift */,
			);
			path = AccountSettingsViewController;
			sourceTree = "<group>";
		};
		C8D381C12B88D4C20045376D /* Views */ = {
			isa = PBXGroup;
			children = (
				C8D381C62B88D5290045376D /* AccountSettingsTitleView.swift */,
			);
			path = Views;
			sourceTree = "<group>";
		};
		C8D381CA2B88E2FF0045376D /* BaseNavigationController */ = {
			isa = PBXGroup;
			children = (
				C8D381CB2B88E30E0045376D /* BaseNavigationController.swift */,
			);
			path = BaseNavigationController;
			sourceTree = "<group>";
		};
/* End PBXGroup section */

/* Begin PBXNativeTarget section */
		C803EA5B2B5FAA1600290003 /* SomePrivateProject1 */ = {
			isa = PBXNativeTarget;
			buildConfigurationList = C803EA702B5FAA1A00290003 /* Build configuration list for PBXNativeTarget "SomePrivateProject1" */;
			buildPhases = (
				6F9157161191156A6AC48406 /* [CP] Check Pods Manifest.lock */,
				C803EA582B5FAA1600290003 /* Sources */,
				C803EA592B5FAA1600290003 /* Frameworks */,
				C803EA5A2B5FAA1600290003 /* Resources */,
				52A418F9B128D86FC0FB135C /* [CP] Embed Pods Frameworks */,
			);
			buildRules = (
			);
			dependencies = (
			);
			name = SomePrivateProject1;
			productName = SomePrivateProject1;
			productReference = C803EA5C2B5FAA1600290003 /* SomePrivateProject1.app */;
			productType = "com.apple.product-type.application";
		};
/* End PBXNativeTarget section */

/* Begin PBXProject section */
		C803EA542B5FAA1600290003 /* Project object */ = {
			isa = PBXProject;
			attributes = {
				BuildIndependentTargetsInParallel = 1;
				LastSwiftUpdateCheck = 1500;
				LastUpgradeCheck = 1500;
				TargetAttributes = {
					C803EA5B2B5FAA1600290003 = {
						CreatedOnToolsVersion = 15.0;
					};
				};
			};
			buildConfigurationList = C803EA572B5FAA1600290003 /* Build configuration list for PBXProject "SomePrivateProject1" */;
			compatibilityVersion = "Xcode 14.0";
			developmentRegion = en;
			hasScannedForEncodings = 0;
			knownRegions = (
				en,
				Base,
			);
			mainGroup = C803EA532B5FAA1600290003;
			productRefGroup = C803EA5D2B5FAA1600290003 /* Products */;
			projectDirPath = "";
			projectRoot = "";
			targets = (
				C803EA5B2B5FAA1600290003 /* SomePrivateProject1 */,
			);
		};
/* End PBXProject section */

/* Begin PBXResourcesBuildPhase section */
		C803EA5A2B5FAA1600290003 /* Resources */ = {
			isa = PBXResourcesBuildPhase;
			buildActionMask = 2147483647;
			files = (
				C803EA6C2B5FAA1A00290003 /* LaunchScreen.storyboard in Resources */,
				C803EA692B5FAA1A00290003 /* Assets.xcassets in Resources */,
			);
			runOnlyForDeploymentPostprocessing = 0;
		};
/* End PBXResourcesBuildPhase section */

/* Begin PBXShellScriptBuildPhase section */
		52A418F9B128D86FC0FB135C /* [CP] Embed Pods Frameworks */ = {
			isa = PBXShellScriptBuildPhase;
			buildActionMask = 2147483647;
			files = (
			);
			inputFileListPaths = (
				"${PODS_ROOT}/Target Support Files/Pods-SomePrivateProject1/Pods-SomePrivateProject1-frameworks-${CONFIGURATION}-input-files.xcfilelist",
			);
			name = "[CP] Embed Pods Frameworks";
			outputFileListPaths = (
				"${PODS_ROOT}/Target Support Files/Pods-SomePrivateProject1/Pods-SomePrivateProject1-frameworks-${CONFIGURATION}-output-files.xcfilelist",
			);
			runOnlyForDeploymentPostprocessing = 0;
			shellPath = /bin/sh;
			shellScript = "\"${PODS_ROOT}/Target Support Files/Pods-SomePrivateProject1/Pods-SomePrivateProject1-frameworks.sh\"\n";
			showEnvVarsInLog = 0;
		};
		6F9157161191156A6AC48406 /* [CP] Check Pods Manifest.lock */ = {
			isa = PBXShellScriptBuildPhase;
			buildActionMask = 2147483647;
			files = (
			);
			inputFileListPaths = (
			);
			inputPaths = (
				"${PODS_PODFILE_DIR_PATH}/Podfile.lock",
				"${PODS_ROOT}/Manifest.lock",
			);
			name = "[CP] Check Pods Manifest.lock";
			outputFileListPaths = (
			);
			outputPaths = (
				"$(DERIVED_FILE_DIR)/Pods-SomePrivateProject1-checkManifestLockResult.txt",
			);
			runOnlyForDeploymentPostprocessing = 0;
			shellPath = /bin/sh;
			shellScript = "diff \"${PODS_PODFILE_DIR_PATH}/Podfile.lock\" \"${PODS_ROOT}/Manifest.lock\" > /dev/null\nif [ $? != 0 ] ; then\n    # print error to STDERR\n    echo \"error: The sandbox is not in sync with the Podfile.lock. Run 'pod install' or update your CocoaPods installation.\" >&2\n    exit 1\nfi\n# This output is used by Xcode 'outputs' to avoid re-running this script phase.\necho \"SUCCESS\" > \"${SCRIPT_OUTPUT_FILE_0}\"\n";
			showEnvVarsInLog = 0;
		};
/* End PBXShellScriptBuildPhase section */

/* Begin PBXSourcesBuildPhase section */
		C803EA582B5FAA1600290003 /* Sources */ = {
			isa = PBXSourcesBuildPhase;
			buildActionMask = 2147483647;
			files = (
				C803EC1C2B7134EB00290003 /* BaseTextFieldActionView.swift in Sources */,
				C8D381BA2B88D2E80045376D /* AccountSettingsCoordinator.swift in Sources */,
				C803EA8F2B5FAFC400290003 /* Coordinator.swift in Sources */,
				C803EA912B5FB00D00290003 /* DeepLinkOption.swift in Sources */,
				C803EA932B5FB16000290003 /* AppCoordinator.swift in Sources */,
				C803EA852B5FAEAB00290003 /* TabBarRouterProtocol.swift in Sources */,
				C803EC3E2B7806AF00290003 /* BucketListEmptyHeaderView.swift in Sources */,
				C8D381C72B88D5290045376D /* AccountSettingsTitleView.swift in Sources */,
				C803EC2B2B72E8A000290003 /* CategoriesListEmptyCollectionReusableView.swift in Sources */,
				C803EC402B7AC05B00290003 /* BucketModel.swift in Sources */,
				C803EC0F2B6D895500290003 /* BaseViewController.swift in Sources */,
				C8D381BE2B88D3260045376D /* AccountSettingsCoordinatorFactory.swift in Sources */,
				C803EC092B6D882900290003 /* CategoriesListViewController.swift in Sources */,
				C803EC132B6D8CA500290003 /* UIViewController+Presentable.swift in Sources */,
				C803EBF62B6D831500290003 /* TabBarItem.swift in Sources */,
				C803EC002B6D86B500290003 /* ReviewCoordinator.swift in Sources */,
				C803EC172B7120B900290003 /* BaseTextField.swift in Sources */,
				C803EC2D2B72ECDD00290003 /* CategoriesListTitleCollectionReusableView.swift in Sources */,
				C803EBF92B6D858100290003 /* TabBarCoordinatorsFactory.swift in Sources */,
				C803EC0B2B6D883000290003 /* CategoryListViewModel.swift in Sources */,
				C803EA832B5FAE8E00290003 /* TabBarRouter.swift in Sources */,
				C803EC342B77FD5200290003 /* BucketCoordinatorsFactory.swift in Sources */,
				C803EC302B77FD3100290003 /* BucketCoordinator.swift in Sources */,
				C803EC382B77FDB200290003 /* BucketListViewController.swift in Sources */,
				C803EC1A2B71216A00290003 /* BaseTextFieldView.swift in Sources */,
				C803EA8B2B5FAF8100290003 /* TabBarCoordinator.swift in Sources */,
				C803EBFD2B6D85D800290003 /* RouterProtocol.swift in Sources */,
				C803EA602B5FAA1600290003 /* AppDelegate.swift in Sources */,
				C8D381C52B88D4D00045376D /* AccountSettingsViewModel.swift in Sources */,
				C803EA8D2B5FAFA800290003 /* BaseCoordinator.swift in Sources */,
				C803EC3C2B77FF6800290003 /* BucketListShowOrderButtonView.swift in Sources */,
				C803EC1E2B713BBF00290003 /* UIViewController+Keyboard.swift in Sources */,
				C803EC452B7AD8CA00290003 /* UIView+Touch.swift in Sources */,
				C803EC422B7AC2B300290003 /* BucketListTableViewCell.swift in Sources */,
				C803EA882B5FAECE00290003 /* Presentable.swift in Sources */,
				C8D381932B7B9C160045376D /* OrdersListViewController.swift in Sources */,
				C803EC272B72D1E200290003 /* FoodCategoryModel.swift in Sources */,
				C803EA7F2B5FADF000290003 /* AppCoordinatorFactory.swift in Sources */,
				C8D381CC2B88E30E0045376D /* BaseNavigationController.swift in Sources */,
				C803EBFB2B6D85B500290003 /* Router.swift in Sources */,
				C8D381952B7B9C1E0045376D /* OrdersListViewModel.swift in Sources */,
				C803EC3A2B77FDB900290003 /* BucketListViewModel.swift in Sources */,
				C803EC202B72CC5B00290003 /* CategoriesListCategoryCollectionViewCell.swift in Sources */,
				C803EC232B72CF0700290003 /* NetworkService.swift in Sources */,
				C8D381C32B88D4C90045376D /* AccountSettingsViewController.swift in Sources */,
				C803EC042B6D870A00290003 /* ReviewCoordinatorsFactory.swift in Sources */,
			);
			runOnlyForDeploymentPostprocessing = 0;
		};
/* End PBXSourcesBuildPhase section */

/* Begin PBXVariantGroup section */
		C803EA6A2B5FAA1A00290003 /* LaunchScreen.storyboard */ = {
			isa = PBXVariantGroup;
			children = (
				C803EA6B2B5FAA1A00290003 /* Base */,
			);
			name = LaunchScreen.storyboard;
			sourceTree = "<group>";
		};
/* End PBXVariantGroup section */

/* Begin XCBuildConfiguration section */
		C803EA6E2B5FAA1A00290003 /* Debug */ = {
			isa = XCBuildConfiguration;
			buildSettings = {
				ALWAYS_SEARCH_USER_PATHS = NO;
				ASSETCATALOG_COMPILER_GENERATE_SWIFT_ASSET_SYMBOL_EXTENSIONS = YES;
				CLANG_ANALYZER_NONNULL = YES;
				CLANG_ANALYZER_NUMBER_OBJECT_CONVERSION = YES_AGGRESSIVE;
				CLANG_CXX_LANGUAGE_STANDARD = "gnu++20";
				CLANG_ENABLE_MODULES = YES;
				CLANG_ENABLE_OBJC_ARC = YES;
				CLANG_ENABLE_OBJC_WEAK = YES;
				CLANG_WARN_BLOCK_CAPTURE_AUTORELEASING = YES;
				CLANG_WARN_BOOL_CONVERSION = YES;
				CLANG_WARN_COMMA = YES;
				CLANG_WARN_CONSTANT_CONVERSION = YES;
				CLANG_WARN_DEPRECATED_OBJC_IMPLEMENTATIONS = YES;
				CLANG_WARN_DIRECT_OBJC_ISA_USAGE = YES_ERROR;
				CLANG_WARN_DOCUMENTATION_COMMENTS = YES;
				CLANG_WARN_EMPTY_BODY = YES;
				CLANG_WARN_ENUM_CONVERSION = YES;
				CLANG_WARN_INFINITE_RECURSION = YES;
				CLANG_WARN_INT_CONVERSION = YES;
				CLANG_WARN_NON_LITERAL_NULL_CONVERSION = YES;
				CLANG_WARN_OBJC_IMPLICIT_RETAIN_SELF = YES;
				CLANG_WARN_OBJC_LITERAL_CONVERSION = YES;
				CLANG_WARN_OBJC_ROOT_CLASS = YES_ERROR;
				CLANG_WARN_QUOTED_INCLUDE_IN_FRAMEWORK_HEADER = YES;
				CLANG_WARN_RANGE_LOOP_ANALYSIS = YES;
				CLANG_WARN_STRICT_PROTOTYPES = YES;
				CLANG_WARN_SUSPICIOUS_MOVE = YES;
				CLANG_WARN_UNGUARDED_AVAILABILITY = YES_AGGRESSIVE;
				CLANG_WARN_UNREACHABLE_CODE = YES;
				CLANG_WARN__DUPLICATE_METHOD_MATCH = YES;
				COPY_PHASE_STRIP = NO;
				DEBUG_INFORMATION_FORMAT = dwarf;
				ENABLE_STRICT_OBJC_MSGSEND = YES;
				ENABLE_TESTABILITY = YES;
				ENABLE_USER_SCRIPT_SANDBOXING = YES;
				GCC_C_LANGUAGE_STANDARD = gnu17;
				GCC_DYNAMIC_NO_PIC = NO;
				GCC_NO_COMMON_BLOCKS = YES;
				GCC_OPTIMIZATION_LEVEL = 0;
				GCC_PREPROCESSOR_DEFINITIONS = (
					"DEBUG=1",
					"$(inherited)",
				);
				GCC_WARN_64_TO_32_BIT_CONVERSION = YES;
				GCC_WARN_ABOUT_RETURN_TYPE = YES_ERROR;
				GCC_WARN_UNDECLARED_SELECTOR = YES;
				GCC_WARN_UNINITIALIZED_AUTOS = YES_AGGRESSIVE;
				GCC_WARN_UNUSED_FUNCTION = YES;
				GCC_WARN_UNUSED_VARIABLE = YES;
				IPHONEOS_DEPLOYMENT_TARGET = 17.0;
				LOCALIZATION_PREFERS_STRING_CATALOGS = YES;
				MTL_ENABLE_DEBUG_INFO = INCLUDE_SOURCE;
				MTL_FAST_MATH = YES;
				ONLY_ACTIVE_ARCH = YES;
				SDKROOT = iphoneos;
				SWIFT_ACTIVE_COMPILATION_CONDITIONS = "DEBUG $(inherited)";
				SWIFT_OPTIMIZATION_LEVEL = "-Onone";
			};
			name = Debug;
		};
		C803EA6F2B5FAA1A00290003 /* Release */ = {
			isa = XCBuildConfiguration;
			buildSettings = {
				ALWAYS_SEARCH_USER_PATHS = NO;
				ASSETCATALOG_COMPILER_GENERATE_SWIFT_ASSET_SYMBOL_EXTENSIONS = YES;
				CLANG_ANALYZER_NONNULL = YES;
				CLANG_ANALYZER_NUMBER_OBJECT_CONVERSION = YES_AGGRESSIVE;
				CLANG_CXX_LANGUAGE_STANDARD = "gnu++20";
				CLANG_ENABLE_MODULES = YES;
				CLANG_ENABLE_OBJC_ARC = YES;
				CLANG_ENABLE_OBJC_WEAK = YES;
				CLANG_WARN_BLOCK_CAPTURE_AUTORELEASING = YES;
				CLANG_WARN_BOOL_CONVERSION = YES;
				CLANG_WARN_COMMA = YES;
				CLANG_WARN_CONSTANT_CONVERSION = YES;
				CLANG_WARN_DEPRECATED_OBJC_IMPLEMENTATIONS = YES;
				CLANG_WARN_DIRECT_OBJC_ISA_USAGE = YES_ERROR;
				CLANG_WARN_DOCUMENTATION_COMMENTS = YES;
				CLANG_WARN_EMPTY_BODY = YES;
				CLANG_WARN_ENUM_CONVERSION = YES;
				CLANG_WARN_INFINITE_RECURSION = YES;
				CLANG_WARN_INT_CONVERSION = YES;
				CLANG_WARN_NON_LITERAL_NULL_CONVERSION = YES;
				CLANG_WARN_OBJC_IMPLICIT_RETAIN_SELF = YES;
				CLANG_WARN_OBJC_LITERAL_CONVERSION = YES;
				CLANG_WARN_OBJC_ROOT_CLASS = YES_ERROR;
				CLANG_WARN_QUOTED_INCLUDE_IN_FRAMEWORK_HEADER = YES;
				CLANG_WARN_RANGE_LOOP_ANALYSIS = YES;
				CLANG_WARN_STRICT_PROTOTYPES = YES;
				CLANG_WARN_SUSPICIOUS_MOVE = YES;
				CLANG_WARN_UNGUARDED_AVAILABILITY = YES_AGGRESSIVE;
				CLANG_WARN_UNREACHABLE_CODE = YES;
				CLANG_WARN__DUPLICATE_METHOD_MATCH = YES;
				COPY_PHASE_STRIP = NO;
				DEBUG_INFORMATION_FORMAT = "dwarf-with-dsym";
				ENABLE_NS_ASSERTIONS = NO;
				ENABLE_STRICT_OBJC_MSGSEND = YES;
				ENABLE_USER_SCRIPT_SANDBOXING = YES;
				GCC_C_LANGUAGE_STANDARD = gnu17;
				GCC_NO_COMMON_BLOCKS = YES;
				GCC_WARN_64_TO_32_BIT_CONVERSION = YES;
				GCC_WARN_ABOUT_RETURN_TYPE = YES_ERROR;
				GCC_WARN_UNDECLARED_SELECTOR = YES;
				GCC_WARN_UNINITIALIZED_AUTOS = YES_AGGRESSIVE;
				GCC_WARN_UNUSED_FUNCTION = YES;
				GCC_WARN_UNUSED_VARIABLE = YES;
				IPHONEOS_DEPLOYMENT_TARGET = 17.0;
				LOCALIZATION_PREFERS_STRING_CATALOGS = YES;
				MTL_ENABLE_DEBUG_INFO = NO;
				MTL_FAST_MATH = YES;
				SDKROOT = iphoneos;
				SWIFT_COMPILATION_MODE = wholemodule;
				VALIDATE_PRODUCT = YES;
			};
			name = Release;
		};
		C803EA712B5FAA1A00290003 /* Debug */ = {
			isa = XCBuildConfiguration;
			baseConfigurationReference = 656562186F9D68E58EA3257E /* Pods-SomePrivateProject1.debug.xcconfig */;
			buildSettings = {
				ASSETCATALOG_COMPILER_APPICON_NAME = AppIcon;
				ASSETCATALOG_COMPILER_GLOBAL_ACCENT_COLOR_NAME = AccentColor;
				CODE_SIGN_STYLE = Automatic;
				CURRENT_PROJECT_VERSION = 1;
				DEVELOPMENT_TEAM = DNWTGQUU5Z;
				ENABLE_USER_SCRIPT_SANDBOXING = NO;
				GENERATE_INFOPLIST_FILE = YES;
				INFOPLIST_FILE = SomePrivateProject1/SupportingFiles/Info.plist;
				INFOPLIST_KEY_UIApplicationSupportsIndirectInputEvents = YES;
				INFOPLIST_KEY_UILaunchStoryboardName = LaunchScreen;
				INFOPLIST_KEY_UISupportedInterfaceOrientations = UIInterfaceOrientationPortrait;
				LD_RUNPATH_SEARCH_PATHS = (
					"$(inherited)",
					"@executable_path/Frameworks",
				);
				MARKETING_VERSION = 1.0;
				PRODUCT_BUNDLE_IDENTIFIER = KavaleuskiI.SomePrivateProject1;
				PRODUCT_NAME = "$(TARGET_NAME)";
				SUPPORTED_PLATFORMS = "iphoneos iphonesimulator";
				SUPPORTS_MACCATALYST = NO;
				SUPPORTS_MAC_DESIGNED_FOR_IPHONE_IPAD = NO;
				SWIFT_EMIT_LOC_STRINGS = YES;
				SWIFT_VERSION = 5.0;
				TARGETED_DEVICE_FAMILY = 1;
			};
			name = Debug;
		};
		C803EA722B5FAA1A00290003 /* Release */ = {
			isa = XCBuildConfiguration;
			baseConfigurationReference = 59EBCF8D0239EBA63D7161FE /* Pods-SomePrivateProject1.release.xcconfig */;
			buildSettings = {
				ASSETCATALOG_COMPILER_APPICON_NAME = AppIcon;
				ASSETCATALOG_COMPILER_GLOBAL_ACCENT_COLOR_NAME = AccentColor;
				CODE_SIGN_STYLE = Automatic;
				CURRENT_PROJECT_VERSION = 1;
				DEVELOPMENT_TEAM = DNWTGQUU5Z;
				ENABLE_USER_SCRIPT_SANDBOXING = NO;
				GENERATE_INFOPLIST_FILE = YES;
				INFOPLIST_FILE = SomePrivateProject1/SupportingFiles/Info.plist;
				INFOPLIST_KEY_UIApplicationSupportsIndirectInputEvents = YES;
				INFOPLIST_KEY_UILaunchStoryboardName = LaunchScreen;
				INFOPLIST_KEY_UISupportedInterfaceOrientations = UIInterfaceOrientationPortrait;
				LD_RUNPATH_SEARCH_PATHS = (
					"$(inherited)",
					"@executable_path/Frameworks",
				);
				MARKETING_VERSION = 1.0;
				PRODUCT_BUNDLE_IDENTIFIER = KavaleuskiI.SomePrivateProject1;
				PRODUCT_NAME = "$(TARGET_NAME)";
				SUPPORTED_PLATFORMS = "iphoneos iphonesimulator";
				SUPPORTS_MACCATALYST = NO;
				SUPPORTS_MAC_DESIGNED_FOR_IPHONE_IPAD = NO;
				SWIFT_EMIT_LOC_STRINGS = YES;
				SWIFT_VERSION = 5.0;
				TARGETED_DEVICE_FAMILY = 1;
			};
			name = Release;
		};
/* End XCBuildConfiguration section */

/* Begin XCConfigurationList section */
		C803EA572B5FAA1600290003 /* Build configuration list for PBXProject "SomePrivateProject1" */ = {
			isa = XCConfigurationList;
			buildConfigurations = (
				C803EA6E2B5FAA1A00290003 /* Debug */,
				C803EA6F2B5FAA1A00290003 /* Release */,
			);
			defaultConfigurationIsVisible = 0;
			defaultConfigurationName = Release;
		};
		C803EA702B5FAA1A00290003 /* Build configuration list for PBXNativeTarget "SomePrivateProject1" */ = {
			isa = XCConfigurationList;
			buildConfigurations = (
				C803EA712B5FAA1A00290003 /* Debug */,
				C803EA722B5FAA1A00290003 /* Release */,
			);
			defaultConfigurationIsVisible = 0;
			defaultConfigurationName = Release;
		};
/* End XCConfigurationList section */
	};
	rootObject = C803EA542B5FAA1600290003 /* Project object */;
}
