// !$*UTF8*$!
{
	archiveVersion = 1;
	classes = {
	};
	objectVersion = 56;
	objects = {

/* Begin PBXBuildFile section */
		C803EA602B5FAA1600290003 /* AppDelegate.swift in Sources */ = {isa = PBXBuildFile; fileRef = C803EA5F2B5FAA1600290003 /* AppDelegate.swift */; };
		C803EA692B5FAA1A00290003 /* Assets.xcassets in Resources */ = {isa = PBXBuildFile; fileRef = C803EA682B5FAA1A00290003 /* Assets.xcassets */; };
		C803EA6C2B5FAA1A00290003 /* LaunchScreen.storyboard in Resources */ = {isa = PBXBuildFile; fileRef = C803EA6A2B5FAA1A00290003 /* LaunchScreen.storyboard */; };
		C803EA7F2B5FADF000290003 /* AppCoordinatorFactory.swift in Sources */ = {isa = PBXBuildFile; fileRef = C803EA7E2B5FADF000290003 /* AppCoordinatorFactory.swift */; };
		C803EA832B5FAE8E00290003 /* TabBarRouter.swift in Sources */ = {isa = PBXBuildFile; fileRef = C803EA822B5FAE8E00290003 /* TabBarRouter.swift */; };
		C803EA852B5FAEAB00290003 /* TabBarRouterProtocol.swift in Sources */ = {isa = PBXBuildFile; fileRef = C803EA842B5FAEAB00290003 /* TabBarRouterProtocol.swift */; };
		C803EA882B5FAECE00290003 /* Presentable.swift in Sources */ = {isa = PBXBuildFile; fileRef = C803EA872B5FAECE00290003 /* Presentable.swift */; };
		C803EA8B2B5FAF8100290003 /* TabBarCoordinator.swift in Sources */ = {isa = PBXBuildFile; fileRef = C803EA8A2B5FAF8100290003 /* TabBarCoordinator.swift */; };
		C803EA8D2B5FAFA800290003 /* BaseCoordinator.swift in Sources */ = {isa = PBXBuildFile; fileRef = C803EA8C2B5FAFA800290003 /* BaseCoordinator.swift */; };
		C803EA8F2B5FAFC400290003 /* Coordinator.swift in Sources */ = {isa = PBXBuildFile; fileRef = C803EA8E2B5FAFC400290003 /* Coordinator.swift */; };
		C803EA912B5FB00D00290003 /* DeepLinkOption.swift in Sources */ = {isa = PBXBuildFile; fileRef = C803EA902B5FB00D00290003 /* DeepLinkOption.swift */; };
		C803EA932B5FB16000290003 /* AppCoordinator.swift in Sources */ = {isa = PBXBuildFile; fileRef = C803EA922B5FB16000290003 /* AppCoordinator.swift */; };
/* End PBXBuildFile section */

/* Begin PBXFileReference section */
		C803EA5C2B5FAA1600290003 /* SomePrivateProject1.app */ = {isa = PBXFileReference; explicitFileType = wrapper.application; includeInIndex = 0; path = SomePrivateProject1.app; sourceTree = BUILT_PRODUCTS_DIR; };
		C803EA5F2B5FAA1600290003 /* AppDelegate.swift */ = {isa = PBXFileReference; lastKnownFileType = sourcecode.swift; path = AppDelegate.swift; sourceTree = "<group>"; };
		C803EA682B5FAA1A00290003 /* Assets.xcassets */ = {isa = PBXFileReference; lastKnownFileType = folder.assetcatalog; path = Assets.xcassets; sourceTree = "<group>"; };
		C803EA6B2B5FAA1A00290003 /* Base */ = {isa = PBXFileReference; lastKnownFileType = file.storyboard; name = Base; path = Base.lproj/LaunchScreen.storyboard; sourceTree = "<group>"; };
		C803EA6D2B5FAA1A00290003 /* Info.plist */ = {isa = PBXFileReference; lastKnownFileType = text.plist.xml; path = Info.plist; sourceTree = "<group>"; };
		C803EA7E2B5FADF000290003 /* AppCoordinatorFactory.swift */ = {isa = PBXFileReference; lastKnownFileType = sourcecode.swift; path = AppCoordinatorFactory.swift; sourceTree = "<group>"; };
		C803EA822B5FAE8E00290003 /* TabBarRouter.swift */ = {isa = PBXFileReference; lastKnownFileType = sourcecode.swift; path = TabBarRouter.swift; sourceTree = "<group>"; };
		C803EA842B5FAEAB00290003 /* TabBarRouterProtocol.swift */ = {isa = PBXFileReference; lastKnownFileType = sourcecode.swift; path = TabBarRouterProtocol.swift; sourceTree = "<group>"; };
		C803EA872B5FAECE00290003 /* Presentable.swift */ = {isa = PBXFileReference; lastKnownFileType = sourcecode.swift; path = Presentable.swift; sourceTree = "<group>"; };
		C803EA8A2B5FAF8100290003 /* TabBarCoordinator.swift */ = {isa = PBXFileReference; lastKnownFileType = sourcecode.swift; path = TabBarCoordinator.swift; sourceTree = "<group>"; };
		C803EA8C2B5FAFA800290003 /* BaseCoordinator.swift */ = {isa = PBXFileReference; lastKnownFileType = sourcecode.swift; path = BaseCoordinator.swift; sourceTree = "<group>"; };
		C803EA8E2B5FAFC400290003 /* Coordinator.swift */ = {isa = PBXFileReference; lastKnownFileType = sourcecode.swift; path = Coordinator.swift; sourceTree = "<group>"; };
		C803EA902B5FB00D00290003 /* DeepLinkOption.swift */ = {isa = PBXFileReference; lastKnownFileType = sourcecode.swift; path = DeepLinkOption.swift; sourceTree = "<group>"; };
		C803EA922B5FB16000290003 /* AppCoordinator.swift */ = {isa = PBXFileReference; lastKnownFileType = sourcecode.swift; path = AppCoordinator.swift; sourceTree = "<group>"; };
/* End PBXFileReference section */

/* Begin PBXFrameworksBuildPhase section */
		C803EA592B5FAA1600290003 /* Frameworks */ = {
			isa = PBXFrameworksBuildPhase;
			buildActionMask = 2147483647;
			files = (
			);
			runOnlyForDeploymentPostprocessing = 0;
		};
/* End PBXFrameworksBuildPhase section */

/* Begin PBXGroup section */
		C803EA532B5FAA1600290003 = {
			isa = PBXGroup;
			children = (
				C803EA5E2B5FAA1600290003 /* SomePrivateProject1 */,
				C803EA5D2B5FAA1600290003 /* Products */,
			);
			sourceTree = "<group>";
		};
		C803EA5D2B5FAA1600290003 /* Products */ = {
			isa = PBXGroup;
			children = (
				C803EA5C2B5FAA1600290003 /* SomePrivateProject1.app */,
			);
			name = Products;
			sourceTree = "<group>";
		};
		C803EA5E2B5FAA1600290003 /* SomePrivateProject1 */ = {
			isa = PBXGroup;
			children = (
				C803EA732B5FACB500290003 /* Application */,
				C803EA742B5FACBC00290003 /* Services */,
				C803EA752B5FACC400290003 /* Resources */,
				C803EA782B5FAD1600290003 /* SupportingFiles */,
				C803EA792B5FAD6F00290003 /* Helpers */,
			);
			path = SomePrivateProject1;
			sourceTree = "<group>";
		};
		C803EA732B5FACB500290003 /* Application */ = {
			isa = PBXGroup;
			children = (
				C803EA5F2B5FAA1600290003 /* AppDelegate.swift */,
				C803EA7B2B5FADCD00290003 /* ApplicationCoordinator */,
				C803EA892B5FAF7900290003 /* TabBarCoordinator */,
			);
			path = Application;
			sourceTree = "<group>";
		};
		C803EA742B5FACBC00290003 /* Services */ = {
			isa = PBXGroup;
			children = (
			);
			path = Services;
			sourceTree = "<group>";
		};
		C803EA752B5FACC400290003 /* Resources */ = {
			isa = PBXGroup;
			children = (
				C803EA772B5FACFD00290003 /* Images */,
				C803EA762B5FACF500290003 /* Colors */,
			);
			path = Resources;
			sourceTree = "<group>";
		};
		C803EA762B5FACF500290003 /* Colors */ = {
			isa = PBXGroup;
			children = (
			);
			path = Colors;
			sourceTree = "<group>";
		};
		C803EA772B5FACFD00290003 /* Images */ = {
			isa = PBXGroup;
			children = (
				C803EA682B5FAA1A00290003 /* Assets.xcassets */,
			);
			path = Images;
			sourceTree = "<group>";
		};
		C803EA782B5FAD1600290003 /* SupportingFiles */ = {
			isa = PBXGroup;
			children = (
				C803EA6A2B5FAA1A00290003 /* LaunchScreen.storyboard */,
				C803EA6D2B5FAA1A00290003 /* Info.plist */,
			);
			path = SupportingFiles;
			sourceTree = "<group>";
		};
		C803EA792B5FAD6F00290003 /* Helpers */ = {
			isa = PBXGroup;
			children = (
				C803EA7A2B5FAD7700290003 /* Extensions */,
				C803EA802B5FAE7400290003 /* CoordinatorBase */,
			);
			path = Helpers;
			sourceTree = "<group>";
		};
		C803EA7A2B5FAD7700290003 /* Extensions */ = {
			isa = PBXGroup;
			children = (
			);
			path = Extensions;
			sourceTree = "<group>";
		};
		C803EA7B2B5FADCD00290003 /* ApplicationCoordinator */ = {
			isa = PBXGroup;
			children = (
				C803EA922B5FB16000290003 /* AppCoordinator.swift */,
				C803EA7C2B5FADDA00290003 /* Factories */,
				C803EA7D2B5FADE300290003 /* Controllers */,
			);
			path = ApplicationCoordinator;
			sourceTree = "<group>";
		};
		C803EA7C2B5FADDA00290003 /* Factories */ = {
			isa = PBXGroup;
			children = (
				C803EA7E2B5FADF000290003 /* AppCoordinatorFactory.swift */,
			);
			path = Factories;
			sourceTree = "<group>";
		};
		C803EA7D2B5FADE300290003 /* Controllers */ = {
			isa = PBXGroup;
			children = (
			);
			path = Controllers;
			sourceTree = "<group>";
		};
		C803EA802B5FAE7400290003 /* CoordinatorBase */ = {
			isa = PBXGroup;
			children = (
				C803EA862B5FAEBF00290003 /* Protocols */,
				C803EA812B5FAE8200290003 /* TabBarRouter */,
				C803EA8C2B5FAFA800290003 /* BaseCoordinator.swift */,
				C803EA902B5FB00D00290003 /* DeepLinkOption.swift */,
			);
			path = CoordinatorBase;
			sourceTree = "<group>";
		};
		C803EA812B5FAE8200290003 /* TabBarRouter */ = {
			isa = PBXGroup;
			children = (
				C803EA822B5FAE8E00290003 /* TabBarRouter.swift */,
			);
			path = TabBarRouter;
			sourceTree = "<group>";
		};
		C803EA862B5FAEBF00290003 /* Protocols */ = {
			isa = PBXGroup;
			children = (
				C803EA8E2B5FAFC400290003 /* Coordinator.swift */,
				C803EA842B5FAEAB00290003 /* TabBarRouterProtocol.swift */,
				C803EA872B5FAECE00290003 /* Presentable.swift */,
			);
			path = Protocols;
			sourceTree = "<group>";
		};
		C803EA892B5FAF7900290003 /* TabBarCoordinator */ = {
			isa = PBXGroup;
			children = (
				C803EA8A2B5FAF8100290003 /* TabBarCoordinator.swift */,
			);
			path = TabBarCoordinator;
			sourceTree = "<group>";
		};
/* End PBXGroup section */

/* Begin PBXNativeTarget section */
		C803EA5B2B5FAA1600290003 /* SomePrivateProject1 */ = {
			isa = PBXNativeTarget;
			buildConfigurationList = C803EA702B5FAA1A00290003 /* Build configuration list for PBXNativeTarget "SomePrivateProject1" */;
			buildPhases = (
				C803EA582B5FAA1600290003 /* Sources */,
				C803EA592B5FAA1600290003 /* Frameworks */,
				C803EA5A2B5FAA1600290003 /* Resources */,
			);
			buildRules = (
			);
			dependencies = (
			);
			name = SomePrivateProject1;
			productName = SomePrivateProject1;
			productReference = C803EA5C2B5FAA1600290003 /* SomePrivateProject1.app */;
			productType = "com.apple.product-type.application";
		};
/* End PBXNativeTarget section */

/* Begin PBXProject section */
		C803EA542B5FAA1600290003 /* Project object */ = {
			isa = PBXProject;
			attributes = {
				BuildIndependentTargetsInParallel = 1;
				LastSwiftUpdateCheck = 1500;
				LastUpgradeCheck = 1500;
				TargetAttributes = {
					C803EA5B2B5FAA1600290003 = {
						CreatedOnToolsVersion = 15.0;
					};
				};
			};
			buildConfigurationList = C803EA572B5FAA1600290003 /* Build configuration list for PBXProject "SomePrivateProject1" */;
			compatibilityVersion = "Xcode 14.0";
			developmentRegion = en;
			hasScannedForEncodings = 0;
			knownRegions = (
				en,
				Base,
			);
			mainGroup = C803EA532B5FAA1600290003;
			productRefGroup = C803EA5D2B5FAA1600290003 /* Products */;
			projectDirPath = "";
			projectRoot = "";
			targets = (
				C803EA5B2B5FAA1600290003 /* SomePrivateProject1 */,
			);
		};
/* End PBXProject section */

/* Begin PBXResourcesBuildPhase section */
		C803EA5A2B5FAA1600290003 /* Resources */ = {
			isa = PBXResourcesBuildPhase;
			buildActionMask = 2147483647;
			files = (
				C803EA6C2B5FAA1A00290003 /* LaunchScreen.storyboard in Resources */,
				C803EA692B5FAA1A00290003 /* Assets.xcassets in Resources */,
			);
			runOnlyForDeploymentPostprocessing = 0;
		};
/* End PBXResourcesBuildPhase section */

/* Begin PBXSourcesBuildPhase section */
		C803EA582B5FAA1600290003 /* Sources */ = {
			isa = PBXSourcesBuildPhase;
			buildActionMask = 2147483647;
			files = (
				C803EA8F2B5FAFC400290003 /* Coordinator.swift in Sources */,
				C803EA912B5FB00D00290003 /* DeepLinkOption.swift in Sources */,
				C803EA932B5FB16000290003 /* AppCoordinator.swift in Sources */,
				C803EA852B5FAEAB00290003 /* TabBarRouterProtocol.swift in Sources */,
				C803EA832B5FAE8E00290003 /* TabBarRouter.swift in Sources */,
				C803EA8B2B5FAF8100290003 /* TabBarCoordinator.swift in Sources */,
				C803EA602B5FAA1600290003 /* AppDelegate.swift in Sources */,
				C803EA8D2B5FAFA800290003 /* BaseCoordinator.swift in Sources */,
				C803EA882B5FAECE00290003 /* Presentable.swift in Sources */,
				C803EA7F2B5FADF000290003 /* AppCoordinatorFactory.swift in Sources */,
			);
			runOnlyForDeploymentPostprocessing = 0;
		};
/* End PBXSourcesBuildPhase section */

/* Begin PBXVariantGroup section */
		C803EA6A2B5FAA1A00290003 /* LaunchScreen.storyboard */ = {
			isa = PBXVariantGroup;
			children = (
				C803EA6B2B5FAA1A00290003 /* Base */,
			);
			name = LaunchScreen.storyboard;
			sourceTree = "<group>";
		};
/* End PBXVariantGroup section */

/* Begin XCBuildConfiguration section */
		C803EA6E2B5FAA1A00290003 /* Debug */ = {
			isa = XCBuildConfiguration;
			buildSettings = {
				ALWAYS_SEARCH_USER_PATHS = NO;
				ASSETCATALOG_COMPILER_GENERATE_SWIFT_ASSET_SYMBOL_EXTENSIONS = YES;
				CLANG_ANALYZER_NONNULL = YES;
				CLANG_ANALYZER_NUMBER_OBJECT_CONVERSION = YES_AGGRESSIVE;
				CLANG_CXX_LANGUAGE_STANDARD = "gnu++20";
				CLANG_ENABLE_MODULES = YES;
				CLANG_ENABLE_OBJC_ARC = YES;
				CLANG_ENABLE_OBJC_WEAK = YES;
				CLANG_WARN_BLOCK_CAPTURE_AUTORELEASING = YES;
				CLANG_WARN_BOOL_CONVERSION = YES;
				CLANG_WARN_COMMA = YES;
				CLANG_WARN_CONSTANT_CONVERSION = YES;
				CLANG_WARN_DEPRECATED_OBJC_IMPLEMENTATIONS = YES;
				CLANG_WARN_DIRECT_OBJC_ISA_USAGE = YES_ERROR;
				CLANG_WARN_DOCUMENTATION_COMMENTS = YES;
				CLANG_WARN_EMPTY_BODY = YES;
				CLANG_WARN_ENUM_CONVERSION = YES;
				CLANG_WARN_INFINITE_RECURSION = YES;
				CLANG_WARN_INT_CONVERSION = YES;
				CLANG_WARN_NON_LITERAL_NULL_CONVERSION = YES;
				CLANG_WARN_OBJC_IMPLICIT_RETAIN_SELF = YES;
				CLANG_WARN_OBJC_LITERAL_CONVERSION = YES;
				CLANG_WARN_OBJC_ROOT_CLASS = YES_ERROR;
				CLANG_WARN_QUOTED_INCLUDE_IN_FRAMEWORK_HEADER = YES;
				CLANG_WARN_RANGE_LOOP_ANALYSIS = YES;
				CLANG_WARN_STRICT_PROTOTYPES = YES;
				CLANG_WARN_SUSPICIOUS_MOVE = YES;
				CLANG_WARN_UNGUARDED_AVAILABILITY = YES_AGGRESSIVE;
				CLANG_WARN_UNREACHABLE_CODE = YES;
				CLANG_WARN__DUPLICATE_METHOD_MATCH = YES;
				COPY_PHASE_STRIP = NO;
				DEBUG_INFORMATION_FORMAT = dwarf;
				ENABLE_STRICT_OBJC_MSGSEND = YES;
				ENABLE_TESTABILITY = YES;
				ENABLE_USER_SCRIPT_SANDBOXING = YES;
				GCC_C_LANGUAGE_STANDARD = gnu17;
				GCC_DYNAMIC_NO_PIC = NO;
				GCC_NO_COMMON_BLOCKS = YES;
				GCC_OPTIMIZATION_LEVEL = 0;
				GCC_PREPROCESSOR_DEFINITIONS = (
					"DEBUG=1",
					"$(inherited)",
				);
				GCC_WARN_64_TO_32_BIT_CONVERSION = YES;
				GCC_WARN_ABOUT_RETURN_TYPE = YES_ERROR;
				GCC_WARN_UNDECLARED_SELECTOR = YES;
				GCC_WARN_UNINITIALIZED_AUTOS = YES_AGGRESSIVE;
				GCC_WARN_UNUSED_FUNCTION = YES;
				GCC_WARN_UNUSED_VARIABLE = YES;
				IPHONEOS_DEPLOYMENT_TARGET = 17.0;
				LOCALIZATION_PREFERS_STRING_CATALOGS = YES;
				MTL_ENABLE_DEBUG_INFO = INCLUDE_SOURCE;
				MTL_FAST_MATH = YES;
				ONLY_ACTIVE_ARCH = YES;
				SDKROOT = iphoneos;
				SWIFT_ACTIVE_COMPILATION_CONDITIONS = "DEBUG $(inherited)";
				SWIFT_OPTIMIZATION_LEVEL = "-Onone";
			};
			name = Debug;
		};
		C803EA6F2B5FAA1A00290003 /* Release */ = {
			isa = XCBuildConfiguration;
			buildSettings = {
				ALWAYS_SEARCH_USER_PATHS = NO;
				ASSETCATALOG_COMPILER_GENERATE_SWIFT_ASSET_SYMBOL_EXTENSIONS = YES;
				CLANG_ANALYZER_NONNULL = YES;
				CLANG_ANALYZER_NUMBER_OBJECT_CONVERSION = YES_AGGRESSIVE;
				CLANG_CXX_LANGUAGE_STANDARD = "gnu++20";
				CLANG_ENABLE_MODULES = YES;
				CLANG_ENABLE_OBJC_ARC = YES;
				CLANG_ENABLE_OBJC_WEAK = YES;
				CLANG_WARN_BLOCK_CAPTURE_AUTORELEASING = YES;
				CLANG_WARN_BOOL_CONVERSION = YES;
				CLANG_WARN_COMMA = YES;
				CLANG_WARN_CONSTANT_CONVERSION = YES;
				CLANG_WARN_DEPRECATED_OBJC_IMPLEMENTATIONS = YES;
				CLANG_WARN_DIRECT_OBJC_ISA_USAGE = YES_ERROR;
				CLANG_WARN_DOCUMENTATION_COMMENTS = YES;
				CLANG_WARN_EMPTY_BODY = YES;
				CLANG_WARN_ENUM_CONVERSION = YES;
				CLANG_WARN_INFINITE_RECURSION = YES;
				CLANG_WARN_INT_CONVERSION = YES;
				CLANG_WARN_NON_LITERAL_NULL_CONVERSION = YES;
				CLANG_WARN_OBJC_IMPLICIT_RETAIN_SELF = YES;
				CLANG_WARN_OBJC_LITERAL_CONVERSION = YES;
				CLANG_WARN_OBJC_ROOT_CLASS = YES_ERROR;
				CLANG_WARN_QUOTED_INCLUDE_IN_FRAMEWORK_HEADER = YES;
				CLANG_WARN_RANGE_LOOP_ANALYSIS = YES;
				CLANG_WARN_STRICT_PROTOTYPES = YES;
				CLANG_WARN_SUSPICIOUS_MOVE = YES;
				CLANG_WARN_UNGUARDED_AVAILABILITY = YES_AGGRESSIVE;
				CLANG_WARN_UNREACHABLE_CODE = YES;
				CLANG_WARN__DUPLICATE_METHOD_MATCH = YES;
				COPY_PHASE_STRIP = NO;
				DEBUG_INFORMATION_FORMAT = "dwarf-with-dsym";
				ENABLE_NS_ASSERTIONS = NO;
				ENABLE_STRICT_OBJC_MSGSEND = YES;
				ENABLE_USER_SCRIPT_SANDBOXING = YES;
				GCC_C_LANGUAGE_STANDARD = gnu17;
				GCC_NO_COMMON_BLOCKS = YES;
				GCC_WARN_64_TO_32_BIT_CONVERSION = YES;
				GCC_WARN_ABOUT_RETURN_TYPE = YES_ERROR;
				GCC_WARN_UNDECLARED_SELECTOR = YES;
				GCC_WARN_UNINITIALIZED_AUTOS = YES_AGGRESSIVE;
				GCC_WARN_UNUSED_FUNCTION = YES;
				GCC_WARN_UNUSED_VARIABLE = YES;
				IPHONEOS_DEPLOYMENT_TARGET = 17.0;
				LOCALIZATION_PREFERS_STRING_CATALOGS = YES;
				MTL_ENABLE_DEBUG_INFO = NO;
				MTL_FAST_MATH = YES;
				SDKROOT = iphoneos;
				SWIFT_COMPILATION_MODE = wholemodule;
				VALIDATE_PRODUCT = YES;
			};
			name = Release;
		};
		C803EA712B5FAA1A00290003 /* Debug */ = {
			isa = XCBuildConfiguration;
			buildSettings = {
				ASSETCATALOG_COMPILER_APPICON_NAME = AppIcon;
				ASSETCATALOG_COMPILER_GLOBAL_ACCENT_COLOR_NAME = AccentColor;
				CODE_SIGN_STYLE = Automatic;
				CURRENT_PROJECT_VERSION = 1;
				DEVELOPMENT_TEAM = DNWTGQUU5Z;
				GENERATE_INFOPLIST_FILE = YES;
				INFOPLIST_FILE = SomePrivateProject1/Info.plist;
				INFOPLIST_KEY_UIApplicationSupportsIndirectInputEvents = YES;
				INFOPLIST_KEY_UILaunchStoryboardName = LaunchScreen;
				INFOPLIST_KEY_UIMainStoryboardFile = Main;
				INFOPLIST_KEY_UISupportedInterfaceOrientations = UIInterfaceOrientationPortrait;
				LD_RUNPATH_SEARCH_PATHS = (
					"$(inherited)",
					"@executable_path/Frameworks",
				);
				MARKETING_VERSION = 1.0;
				PRODUCT_BUNDLE_IDENTIFIER = KavaleuskiI.SomePrivateProject1;
				PRODUCT_NAME = "$(TARGET_NAME)";
				SUPPORTED_PLATFORMS = "iphoneos iphonesimulator";
				SUPPORTS_MACCATALYST = NO;
				SUPPORTS_MAC_DESIGNED_FOR_IPHONE_IPAD = NO;
				SWIFT_EMIT_LOC_STRINGS = YES;
				SWIFT_VERSION = 5.0;
				TARGETED_DEVICE_FAMILY = 1;
			};
			name = Debug;
		};
		C803EA722B5FAA1A00290003 /* Release */ = {
			isa = XCBuildConfiguration;
			buildSettings = {
				ASSETCATALOG_COMPILER_APPICON_NAME = AppIcon;
				ASSETCATALOG_COMPILER_GLOBAL_ACCENT_COLOR_NAME = AccentColor;
				CODE_SIGN_STYLE = Automatic;
				CURRENT_PROJECT_VERSION = 1;
				DEVELOPMENT_TEAM = DNWTGQUU5Z;
				GENERATE_INFOPLIST_FILE = YES;
				INFOPLIST_FILE = SomePrivateProject1/Info.plist;
				INFOPLIST_KEY_UIApplicationSupportsIndirectInputEvents = YES;
				INFOPLIST_KEY_UILaunchStoryboardName = LaunchScreen;
				INFOPLIST_KEY_UIMainStoryboardFile = Main;
				INFOPLIST_KEY_UISupportedInterfaceOrientations = UIInterfaceOrientationPortrait;
				LD_RUNPATH_SEARCH_PATHS = (
					"$(inherited)",
					"@executable_path/Frameworks",
				);
				MARKETING_VERSION = 1.0;
				PRODUCT_BUNDLE_IDENTIFIER = KavaleuskiI.SomePrivateProject1;
				PRODUCT_NAME = "$(TARGET_NAME)";
				SUPPORTED_PLATFORMS = "iphoneos iphonesimulator";
				SUPPORTS_MACCATALYST = NO;
				SUPPORTS_MAC_DESIGNED_FOR_IPHONE_IPAD = NO;
				SWIFT_EMIT_LOC_STRINGS = YES;
				SWIFT_VERSION = 5.0;
				TARGETED_DEVICE_FAMILY = 1;
			};
			name = Release;
		};
/* End XCBuildConfiguration section */

/* Begin XCConfigurationList section */
		C803EA572B5FAA1600290003 /* Build configuration list for PBXProject "SomePrivateProject1" */ = {
			isa = XCConfigurationList;
			buildConfigurations = (
				C803EA6E2B5FAA1A00290003 /* Debug */,
				C803EA6F2B5FAA1A00290003 /* Release */,
			);
			defaultConfigurationIsVisible = 0;
			defaultConfigurationName = Release;
		};
		C803EA702B5FAA1A00290003 /* Build configuration list for PBXNativeTarget "SomePrivateProject1" */ = {
			isa = XCConfigurationList;
			buildConfigurations = (
				C803EA712B5FAA1A00290003 /* Debug */,
				C803EA722B5FAA1A00290003 /* Release */,
			);
			defaultConfigurationIsVisible = 0;
			defaultConfigurationName = Release;
		};
/* End XCConfigurationList section */
	};
	rootObject = C803EA542B5FAA1600290003 /* Project object */;
}
